
Microsoft Visual Studio Solution File, Format Version 12.00
# Visual Studio Version 17
VisualStudioVersion = 17.7.34031.279
MinimumVisualStudioVersion = 10.0.40219.1
Project("{FAE04EC0-301F-11D3-BF4B-00C04F79EFBC}") = "step1", "step1\step1.csproj", "{000114D2-7C60-411F-B634-2D341940C9D3}"
EndProject
Global
	GlobalSection(SolutionConfigurationPlatforms) = preSolution
		Debug|Any CPU = Debug|Any CPU
		Release|Any CPU = Release|Any CPU
	EndGlobalSection
	GlobalSection(ProjectConfigurationPlatforms) = postSolution
		{000114D2-7C60-411F-B634-2D341940C9D3}.Debug|Any CPU.ActiveCfg = Debug|Any CPU
		{000114D2-7C60-411F-B634-2D341940C9D3}.Debug|Any CPU.Build.0 = Debug|Any CPU
		{000114D2-7C60-411F-B634-2D341940C9D3}.Release|Any CPU.ActiveCfg = Release|Any CPU
		{000114D2-7C60-411F-B634-2D341940C9D3}.Release|Any CPU.Build.0 = Release|Any CPU
	EndGlobalSection
	GlobalSection(SolutionProperties) = preSolution
		HideSolutionNode = FALSE
	EndGlobalSection
	GlobalSection(ExtensibilityGlobals) = postSolution
		SolutionGuid = {FF04D2DB-C582-4825-B7A1-3DFF593E7973}
	EndGlobalSection
EndGlobal
